
Microsoft Visual Studio Solution File, Format Version 12.00
# Visual Studio Version 17
VisualStudioVersion = 17.2.32616.157
MinimumVisualStudioVersion = 10.0.40219.1
Project("{9A19103F-16F7-4668-BE54-9A1E7A4F7556}") = "Composition", "Compositor\Composition.csproj", "{257AF10C-24E9-4E5B-9195-1614A1ADD1A6}"
EndProject
Project("{9A19103F-16F7-4668-BE54-9A1E7A4F7556}") = "FPVTracksideCore", "FPVTracksideCore\FPVTracksideCore.csproj", "{7E3CDC98-4B8A-4F90-9523-AF0BEEC299FC}"
EndProject
Project("{9A19103F-16F7-4668-BE54-9A1E7A4F7556}") = "ImageServer", "ImageServer\ImageServer.csproj", "{C1720DA1-286B-46F9-824E-B99391BBAD3C}"
EndProject
Project("{9A19103F-16F7-4668-BE54-9A1E7A4F7556}") = "RaceLib", "RaceLib\RaceLib.csproj", "{BA25B903-4369-4FA5-805D-13D330FB7B9F}"
EndProject
Project("{9A19103F-16F7-4668-BE54-9A1E7A4F7556}") = "SocketIO", "SocketIO\SocketIO.csproj", "{273B94DC-F784-42D1-A3EB-EA4DF6C751DD}"
EndProject
Project("{9A19103F-16F7-4668-BE54-9A1E7A4F7556}") = "Sound", "Sound\Sound.csproj", "{BCC800FB-D084-45A6-AF83-37D1294B0CC3}"
EndProject
Project("{9A19103F-16F7-4668-BE54-9A1E7A4F7556}") = "Spreadsheets", "Spreadsheets\Spreadsheets.csproj", "{CF3324FE-D97A-48FC-84F6-6C59F454C9FA}"
EndProject
Project("{9A19103F-16F7-4668-BE54-9A1E7A4F7556}") = "Timing", "Timing\Timing.csproj", "{6FED7572-5239-4F21-BE4D-B859898BACDA}"
EndProject
Project("{FAE04EC0-301F-11D3-BF4B-00C04F79EFBC}") = "TimingTesting", "TimingTesting\TimingTesting.csproj", "{AAC6268B-C0C5-447C-9D5E-5F3089BE41BE}"
EndProject
Project("{9A19103F-16F7-4668-BE54-9A1E7A4F7556}") = "Tools", "Tools\Tools.csproj", "{3BB33B3B-BA0B-481D-96FD-56AD0F733274}"
EndProject
Project("{9A19103F-16F7-4668-BE54-9A1E7A4F7556}") = "Web2BMP", "Web2BMP\Web2BMP.csproj", "{932624A9-ACDA-426B-936A-8A00864047D3}"
EndProject
Project("{9A19103F-16F7-4668-BE54-9A1E7A4F7556}") = "Webb", "Webb\Webb.csproj", "{9968A3D5-35A2-4E03-BE47-1335194E31C1}"
EndProject
Project("{9A19103F-16F7-4668-BE54-9A1E7A4F7556}") = "WindowsPlatform", "WindowsPlatform\WindowsPlatform.csproj", "{0D7CE0C3-9857-44C0-9364-19AF1DE1E6AE}"
EndProject
Project("{9A19103F-16F7-4668-BE54-9A1E7A4F7556}") = "WinFormsGraphicsDevice", "WinFormsGraphicsDevice\WinFormsGraphicsDevice.csproj", "{2BF01A20-DA61-4FCA-9DB4-03782C615C85}"
EndProject
Project("{9A19103F-16F7-4668-BE54-9A1E7A4F7556}") = "UI", "UI\UI.csproj", "{D7E4B210-9352-48F2-86A2-C999C68D866A}"
EndProject
Project("{9A19103F-16F7-4668-BE54-9A1E7A4F7556}") = "ExternalData", "ExternalData\ExternalData.csproj", "{1720C2E5-4A61-4C8A-9AAC-60ECDA8967FC}"
EndProject
Project("{9A19103F-16F7-4668-BE54-9A1E7A4F7556}") = "FPVMacsideCore", "FPVMacSideCore\FPVMacsideCore.csproj", "{F4D1C563-AF7A-403D-B28A-6E30EFF8577C}"
EndProject
Global
	GlobalSection(SolutionConfigurationPlatforms) = preSolution
		Debug|Any CPU = Debug|Any CPU
		Debug|x64 = Debug|x64
		Release|Any CPU = Release|Any CPU
		Release|x64 = Release|x64
	EndGlobalSection
	GlobalSection(ProjectConfigurationPlatforms) = postSolution
		{257AF10C-24E9-4E5B-9195-1614A1ADD1A6}.Debug|Any CPU.ActiveCfg = Debug|Any CPU
		{257AF10C-24E9-4E5B-9195-1614A1ADD1A6}.Debug|Any CPU.Build.0 = Debug|Any CPU
		{257AF10C-24E9-4E5B-9195-1614A1ADD1A6}.Debug|x64.ActiveCfg = Debug|x64
		{257AF10C-24E9-4E5B-9195-1614A1ADD1A6}.Debug|x64.Build.0 = Debug|x64
		{257AF10C-24E9-4E5B-9195-1614A1ADD1A6}.Release|Any CPU.ActiveCfg = Release|Any CPU
		{257AF10C-24E9-4E5B-9195-1614A1ADD1A6}.Release|Any CPU.Build.0 = Release|Any CPU
		{257AF10C-24E9-4E5B-9195-1614A1ADD1A6}.Release|x64.ActiveCfg = Release|x64
		{257AF10C-24E9-4E5B-9195-1614A1ADD1A6}.Release|x64.Build.0 = Release|x64
		{7E3CDC98-4B8A-4F90-9523-AF0BEEC299FC}.Debug|Any CPU.ActiveCfg = Debug|Any CPU
		{7E3CDC98-4B8A-4F90-9523-AF0BEEC299FC}.Debug|Any CPU.Build.0 = Debug|Any CPU
		{7E3CDC98-4B8A-4F90-9523-AF0BEEC299FC}.Debug|x64.ActiveCfg = Debug|x64
		{7E3CDC98-4B8A-4F90-9523-AF0BEEC299FC}.Debug|x64.Build.0 = Debug|x64
		{7E3CDC98-4B8A-4F90-9523-AF0BEEC299FC}.Release|Any CPU.ActiveCfg = Release|Any CPU
		{7E3CDC98-4B8A-4F90-9523-AF0BEEC299FC}.Release|Any CPU.Build.0 = Release|Any CPU
		{7E3CDC98-4B8A-4F90-9523-AF0BEEC299FC}.Release|x64.ActiveCfg = Release|x64
		{7E3CDC98-4B8A-4F90-9523-AF0BEEC299FC}.Release|x64.Build.0 = Release|x64
		{C1720DA1-286B-46F9-824E-B99391BBAD3C}.Debug|Any CPU.ActiveCfg = Debug|Any CPU
		{C1720DA1-286B-46F9-824E-B99391BBAD3C}.Debug|Any CPU.Build.0 = Debug|Any CPU
		{C1720DA1-286B-46F9-824E-B99391BBAD3C}.Debug|x64.ActiveCfg = Debug|x64
		{C1720DA1-286B-46F9-824E-B99391BBAD3C}.Debug|x64.Build.0 = Debug|x64
		{C1720DA1-286B-46F9-824E-B99391BBAD3C}.Release|Any CPU.ActiveCfg = Release|Any CPU
		{C1720DA1-286B-46F9-824E-B99391BBAD3C}.Release|Any CPU.Build.0 = Release|Any CPU
		{C1720DA1-286B-46F9-824E-B99391BBAD3C}.Release|x64.ActiveCfg = Release|x64
		{C1720DA1-286B-46F9-824E-B99391BBAD3C}.Release|x64.Build.0 = Release|x64
		{BA25B903-4369-4FA5-805D-13D330FB7B9F}.Debug|Any CPU.ActiveCfg = Debug|Any CPU
		{BA25B903-4369-4FA5-805D-13D330FB7B9F}.Debug|Any CPU.Build.0 = Debug|Any CPU
		{BA25B903-4369-4FA5-805D-13D330FB7B9F}.Debug|x64.ActiveCfg = Debug|x64
		{BA25B903-4369-4FA5-805D-13D330FB7B9F}.Debug|x64.Build.0 = Debug|x64
		{BA25B903-4369-4FA5-805D-13D330FB7B9F}.Release|Any CPU.ActiveCfg = Release|Any CPU
		{BA25B903-4369-4FA5-805D-13D330FB7B9F}.Release|Any CPU.Build.0 = Release|Any CPU
		{BA25B903-4369-4FA5-805D-13D330FB7B9F}.Release|x64.ActiveCfg = Release|x64
		{BA25B903-4369-4FA5-805D-13D330FB7B9F}.Release|x64.Build.0 = Release|x64
		{273B94DC-F784-42D1-A3EB-EA4DF6C751DD}.Debug|Any CPU.ActiveCfg = Debug|Any CPU
		{273B94DC-F784-42D1-A3EB-EA4DF6C751DD}.Debug|Any CPU.Build.0 = Debug|Any CPU
		{273B94DC-F784-42D1-A3EB-EA4DF6C751DD}.Debug|x64.ActiveCfg = Debug|x64
		{273B94DC-F784-42D1-A3EB-EA4DF6C751DD}.Debug|x64.Build.0 = Debug|x64
		{273B94DC-F784-42D1-A3EB-EA4DF6C751DD}.Release|Any CPU.ActiveCfg = Release|Any CPU
		{273B94DC-F784-42D1-A3EB-EA4DF6C751DD}.Release|Any CPU.Build.0 = Release|Any CPU
		{273B94DC-F784-42D1-A3EB-EA4DF6C751DD}.Release|x64.ActiveCfg = Release|x64
		{273B94DC-F784-42D1-A3EB-EA4DF6C751DD}.Release|x64.Build.0 = Release|x64
		{BCC800FB-D084-45A6-AF83-37D1294B0CC3}.Debug|Any CPU.ActiveCfg = Debug|Any CPU
		{BCC800FB-D084-45A6-AF83-37D1294B0CC3}.Debug|Any CPU.Build.0 = Debug|Any CPU
		{BCC800FB-D084-45A6-AF83-37D1294B0CC3}.Debug|x64.ActiveCfg = Debug|x64
		{BCC800FB-D084-45A6-AF83-37D1294B0CC3}.Debug|x64.Build.0 = Debug|x64
		{BCC800FB-D084-45A6-AF83-37D1294B0CC3}.Release|Any CPU.ActiveCfg = Release|Any CPU
		{BCC800FB-D084-45A6-AF83-37D1294B0CC3}.Release|Any CPU.Build.0 = Release|Any CPU
		{BCC800FB-D084-45A6-AF83-37D1294B0CC3}.Release|x64.ActiveCfg = Release|x64
		{BCC800FB-D084-45A6-AF83-37D1294B0CC3}.Release|x64.Build.0 = Release|x64
		{CF3324FE-D97A-48FC-84F6-6C59F454C9FA}.Debug|Any CPU.ActiveCfg = Debug|Any CPU
		{CF3324FE-D97A-48FC-84F6-6C59F454C9FA}.Debug|Any CPU.Build.0 = Debug|Any CPU
		{CF3324FE-D97A-48FC-84F6-6C59F454C9FA}.Debug|x64.ActiveCfg = Debug|x64
		{CF3324FE-D97A-48FC-84F6-6C59F454C9FA}.Debug|x64.Build.0 = Debug|x64
		{CF3324FE-D97A-48FC-84F6-6C59F454C9FA}.Release|Any CPU.ActiveCfg = Release|Any CPU
		{CF3324FE-D97A-48FC-84F6-6C59F454C9FA}.Release|Any CPU.Build.0 = Release|Any CPU
		{CF3324FE-D97A-48FC-84F6-6C59F454C9FA}.Release|x64.ActiveCfg = Release|x64
		{CF3324FE-D97A-48FC-84F6-6C59F454C9FA}.Release|x64.Build.0 = Release|x64
		{6FED7572-5239-4F21-BE4D-B859898BACDA}.Debug|Any CPU.ActiveCfg = Debug|Any CPU
		{6FED7572-5239-4F21-BE4D-B859898BACDA}.Debug|Any CPU.Build.0 = Debug|Any CPU
		{6FED7572-5239-4F21-BE4D-B859898BACDA}.Debug|x64.ActiveCfg = Debug|x64
		{6FED7572-5239-4F21-BE4D-B859898BACDA}.Debug|x64.Build.0 = Debug|x64
		{6FED7572-5239-4F21-BE4D-B859898BACDA}.Release|Any CPU.ActiveCfg = Release|Any CPU
		{6FED7572-5239-4F21-BE4D-B859898BACDA}.Release|Any CPU.Build.0 = Release|Any CPU
		{6FED7572-5239-4F21-BE4D-B859898BACDA}.Release|x64.ActiveCfg = Release|x64
		{6FED7572-5239-4F21-BE4D-B859898BACDA}.Release|x64.Build.0 = Release|x64
		{AAC6268B-C0C5-447C-9D5E-5F3089BE41BE}.Debug|Any CPU.ActiveCfg = Debug|Any CPU
		{AAC6268B-C0C5-447C-9D5E-5F3089BE41BE}.Debug|Any CPU.Build.0 = Debug|Any CPU
		{AAC6268B-C0C5-447C-9D5E-5F3089BE41BE}.Debug|x64.ActiveCfg = Debug|Any CPU
		{AAC6268B-C0C5-447C-9D5E-5F3089BE41BE}.Debug|x64.Build.0 = Debug|Any CPU
		{AAC6268B-C0C5-447C-9D5E-5F3089BE41BE}.Release|Any CPU.ActiveCfg = Release|Any CPU
		{AAC6268B-C0C5-447C-9D5E-5F3089BE41BE}.Release|Any CPU.Build.0 = Release|Any CPU
		{AAC6268B-C0C5-447C-9D5E-5F3089BE41BE}.Release|x64.ActiveCfg = Release|Any CPU
		{AAC6268B-C0C5-447C-9D5E-5F3089BE41BE}.Release|x64.Build.0 = Release|Any CPU
		{3BB33B3B-BA0B-481D-96FD-56AD0F733274}.Debug|Any CPU.ActiveCfg = Debug|Any CPU
		{3BB33B3B-BA0B-481D-96FD-56AD0F733274}.Debug|Any CPU.Build.0 = Debug|Any CPU
		{3BB33B3B-BA0B-481D-96FD-56AD0F733274}.Debug|x64.ActiveCfg = Debug|x64
		{3BB33B3B-BA0B-481D-96FD-56AD0F733274}.Debug|x64.Build.0 = Debug|x64
		{3BB33B3B-BA0B-481D-96FD-56AD0F733274}.Release|Any CPU.ActiveCfg = Release|Any CPU
		{3BB33B3B-BA0B-481D-96FD-56AD0F733274}.Release|Any CPU.Build.0 = Release|Any CPU
		{3BB33B3B-BA0B-481D-96FD-56AD0F733274}.Release|x64.ActiveCfg = Release|x64
		{3BB33B3B-BA0B-481D-96FD-56AD0F733274}.Release|x64.Build.0 = Release|x64
		{932624A9-ACDA-426B-936A-8A00864047D3}.Debug|Any CPU.ActiveCfg = Debug|x64
		{932624A9-ACDA-426B-936A-8A00864047D3}.Debug|Any CPU.Build.0 = Debug|x64
		{932624A9-ACDA-426B-936A-8A00864047D3}.Debug|x64.ActiveCfg = Debug|x64
		{932624A9-ACDA-426B-936A-8A00864047D3}.Debug|x64.Build.0 = Debug|x64
		{932624A9-ACDA-426B-936A-8A00864047D3}.Release|Any CPU.ActiveCfg = Release|x64
		{932624A9-ACDA-426B-936A-8A00864047D3}.Release|Any CPU.Build.0 = Release|x64
		{932624A9-ACDA-426B-936A-8A00864047D3}.Release|x64.ActiveCfg = Release|x64
		{932624A9-ACDA-426B-936A-8A00864047D3}.Release|x64.Build.0 = Release|x64
		{9968A3D5-35A2-4E03-BE47-1335194E31C1}.Debug|Any CPU.ActiveCfg = Debug|Any CPU
		{9968A3D5-35A2-4E03-BE47-1335194E31C1}.Debug|Any CPU.Build.0 = Debug|Any CPU
		{9968A3D5-35A2-4E03-BE47-1335194E31C1}.Debug|x64.ActiveCfg = Debug|x64
		{9968A3D5-35A2-4E03-BE47-1335194E31C1}.Debug|x64.Build.0 = Debug|x64
		{9968A3D5-35A2-4E03-BE47-1335194E31C1}.Release|Any CPU.ActiveCfg = Release|Any CPU
		{9968A3D5-35A2-4E03-BE47-1335194E31C1}.Release|Any CPU.Build.0 = Release|Any CPU
		{9968A3D5-35A2-4E03-BE47-1335194E31C1}.Release|x64.ActiveCfg = Release|x64
		{9968A3D5-35A2-4E03-BE47-1335194E31C1}.Release|x64.Build.0 = Release|x64
		{0D7CE0C3-9857-44C0-9364-19AF1DE1E6AE}.Debug|Any CPU.ActiveCfg = Debug|x64
		{0D7CE0C3-9857-44C0-9364-19AF1DE1E6AE}.Debug|Any CPU.Build.0 = Debug|x64
		{0D7CE0C3-9857-44C0-9364-19AF1DE1E6AE}.Debug|x64.ActiveCfg = Debug|x64
		{0D7CE0C3-9857-44C0-9364-19AF1DE1E6AE}.Debug|x64.Build.0 = Debug|x64
		{0D7CE0C3-9857-44C0-9364-19AF1DE1E6AE}.Release|Any CPU.ActiveCfg = Release|x64
		{0D7CE0C3-9857-44C0-9364-19AF1DE1E6AE}.Release|Any CPU.Build.0 = Release|x64
		{0D7CE0C3-9857-44C0-9364-19AF1DE1E6AE}.Release|x64.ActiveCfg = Release|x64
		{0D7CE0C3-9857-44C0-9364-19AF1DE1E6AE}.Release|x64.Build.0 = Release|x64
		{2BF01A20-DA61-4FCA-9DB4-03782C615C85}.Debug|Any CPU.ActiveCfg = Debug|Any CPU
		{2BF01A20-DA61-4FCA-9DB4-03782C615C85}.Debug|Any CPU.Build.0 = Debug|Any CPU
		{2BF01A20-DA61-4FCA-9DB4-03782C615C85}.Debug|x64.ActiveCfg = Debug|x64
		{2BF01A20-DA61-4FCA-9DB4-03782C615C85}.Debug|x64.Build.0 = Debug|x64
		{2BF01A20-DA61-4FCA-9DB4-03782C615C85}.Release|Any CPU.ActiveCfg = Release|Any CPU
		{2BF01A20-DA61-4FCA-9DB4-03782C615C85}.Release|Any CPU.Build.0 = Release|Any CPU
		{2BF01A20-DA61-4FCA-9DB4-03782C615C85}.Release|x64.ActiveCfg = Release|x64
		{2BF01A20-DA61-4FCA-9DB4-03782C615C85}.Release|x64.Build.0 = Release|x64
		{D7E4B210-9352-48F2-86A2-C999C68D866A}.Debug|Any CPU.ActiveCfg = Debug|Any CPU
		{D7E4B210-9352-48F2-86A2-C999C68D866A}.Debug|Any CPU.Build.0 = Debug|Any CPU
		{D7E4B210-9352-48F2-86A2-C999C68D866A}.Debug|x64.ActiveCfg = Debug|x64
		{D7E4B210-9352-48F2-86A2-C999C68D866A}.Debug|x64.Build.0 = Debug|x64
		{D7E4B210-9352-48F2-86A2-C999C68D866A}.Release|Any CPU.ActiveCfg = Release|Any CPU
		{D7E4B210-9352-48F2-86A2-C999C68D866A}.Release|Any CPU.Build.0 = Release|Any CPU
		{D7E4B210-9352-48F2-86A2-C999C68D866A}.Release|x64.ActiveCfg = Release|x64
		{D7E4B210-9352-48F2-86A2-C999C68D866A}.Release|x64.Build.0 = Release|x64
		{1720C2E5-4A61-4C8A-9AAC-60ECDA8967FC}.Debug|Any CPU.ActiveCfg = Debug|Any CPU
		{1720C2E5-4A61-4C8A-9AAC-60ECDA8967FC}.Debug|Any CPU.Build.0 = Debug|Any CPU
		{1720C2E5-4A61-4C8A-9AAC-60ECDA8967FC}.Debug|x64.ActiveCfg = Debug|x64
		{1720C2E5-4A61-4C8A-9AAC-60ECDA8967FC}.Debug|x64.Build.0 = Debug|x64
		{1720C2E5-4A61-4C8A-9AAC-60ECDA8967FC}.Release|Any CPU.ActiveCfg = Release|Any CPU
		{1720C2E5-4A61-4C8A-9AAC-60ECDA8967FC}.Release|Any CPU.Build.0 = Release|Any CPU
		{1720C2E5-4A61-4C8A-9AAC-60ECDA8967FC}.Release|x64.ActiveCfg = Release|x64
		{1720C2E5-4A61-4C8A-9AAC-60ECDA8967FC}.Release|x64.Build.0 = Release|x64
		{F4D1C563-AF7A-403D-B28A-6E30EFF8577C}.Debug|Any CPU.ActiveCfg = Debug|Any CPU
		{F4D1C563-AF7A-403D-B28A-6E30EFF8577C}.Debug|Any CPU.Build.0 = Debug|Any CPU
		{F4D1C563-AF7A-403D-B28A-6E30EFF8577C}.Debug|x64.ActiveCfg = Debug|Any CPU
		{F4D1C563-AF7A-403D-B28A-6E30EFF8577C}.Debug|x64.Build.0 = Debug|Any CPU
		{F4D1C563-AF7A-403D-B28A-6E30EFF8577C}.Release|Any CPU.ActiveCfg = Release|Any CPU
		{F4D1C563-AF7A-403D-B28A-6E30EFF8577C}.Release|Any CPU.Build.0 = Release|Any CPU
		{F4D1C563-AF7A-403D-B28A-6E30EFF8577C}.Release|x64.ActiveCfg = Release|Any CPU
		{F4D1C563-AF7A-403D-B28A-6E30EFF8577C}.Release|x64.Build.0 = Release|Any CPU
	EndGlobalSection
	GlobalSection(SolutionProperties) = preSolution
		HideSolutionNode = FALSE
	EndGlobalSection
	GlobalSection(ExtensibilityGlobals) = postSolution
		SolutionGuid = {9632EF35-E2AD-4E55-AC99-DC7C38D0E989}
	EndGlobalSection
EndGlobal
